
Microsoft Visual Studio Solution File, Format Version 12.00
# Visual Studio Version 16
VisualStudioVersion = 16.0.31424.327
MinimumVisualStudioVersion = 10.0.40219.1
Project("{FAE04EC0-301F-11D3-BF4B-00C04F79EFBC}") = "MultipleInheritanceWithDefaultInterfaceMembers", "MultipleInheritanceWithDefaultInterfaceMembers.csproj", "{217B811D-C91D-48CE-A867-700AF0406BC7}"
EndProject
Global
	GlobalSection(SolutionConfigurationPlatforms) = preSolution
		Debug|Any CPU = Debug|Any CPU
		Release|Any CPU = Release|Any CPU
	EndGlobalSection
	GlobalSection(ProjectConfigurationPlatforms) = postSolution
		{217B811D-C91D-48CE-A867-700AF0406BC7}.Debug|Any CPU.ActiveCfg = Debug|Any CPU
		{217B811D-C91D-48CE-A867-700AF0406BC7}.Debug|Any CPU.Build.0 = Debug|Any CPU
		{217B811D-C91D-48CE-A867-700AF0406BC7}.Release|Any CPU.ActiveCfg = Release|Any CPU
		{217B811D-C91D-48CE-A867-700AF0406BC7}.Release|Any CPU.Build.0 = Release|Any CPU
	EndGlobalSection
	GlobalSection(SolutionProperties) = preSolution
		HideSolutionNode = FALSE
	EndGlobalSection
	GlobalSection(ExtensibilityGlobals) = postSolution
		SolutionGuid = {4C3F0DA4-6C4B-42B9-A62B-5475BED2C0B1}
	EndGlobalSection
EndGlobal
